
Microsoft Visual Studio Solution File, Format Version 12.00
# Visual Studio Version 17
VisualStudioVersion = 17.0.31903.59
MinimumVisualStudioVersion = 10.0.40219.1
Project("{FAE04EC0-301F-11D3-BF4B-00C04F79EFBC}") = "test_file", "test_file\test_file.csproj", "{95A10F77-BD82-4B2A-8FCE-8AA9725B7FC0}"
EndProject
Global
	GlobalSection(SolutionConfigurationPlatforms) = preSolution
		Debug|Any CPU = Debug|Any CPU
		Release|Any CPU = Release|Any CPU
	EndGlobalSection
	GlobalSection(ProjectConfigurationPlatforms) = postSolution
		{95A10F77-BD82-4B2A-8FCE-8AA9725B7FC0}.Debug|Any CPU.ActiveCfg = Debug|Any CPU
		{95A10F77-BD82-4B2A-8FCE-8AA9725B7FC0}.Debug|Any CPU.Build.0 = Debug|Any CPU
		{95A10F77-BD82-4B2A-8FCE-8AA9725B7FC0}.Release|Any CPU.ActiveCfg = Release|Any CPU
		{95A10F77-BD82-4B2A-8FCE-8AA9725B7FC0}.Release|Any CPU.Build.0 = Release|Any CPU
	EndGlobalSection
	GlobalSection(SolutionProperties) = preSolution
		HideSolutionNode = FALSE
	EndGlobalSection
	GlobalSection(ExtensibilityGlobals) = postSolution
		SolutionGuid = {7C28B4C8-8503-4607-8BAF-666807ED3DA2}
	EndGlobalSection
EndGlobal
